
Microsoft Visual Studio Solution File, Format Version 12.00
# Visual Studio Version 16
VisualStudioVersion = 16.0.29025.244
MinimumVisualStudioVersion = 10.0.40219.1
Project("{FAE04EC0-301F-11D3-BF4B-00C04F79EFBC}") = "masterserver", "masterserver.csproj", "{B40666BC-4430-4D98-A635-6B97DD89F21F}"
EndProject
Global
	GlobalSection(SolutionConfigurationPlatforms) = preSolution
		Debug|x86 = Debug|x86
		Release|x86 = Release|x86
	EndGlobalSection
	GlobalSection(ProjectConfigurationPlatforms) = postSolution
		{B40666BC-4430-4D98-A635-6B97DD89F21F}.Debug|x86.ActiveCfg = Debug|x86
		{B40666BC-4430-4D98-A635-6B97DD89F21F}.Debug|x86.Build.0 = Debug|x86
		{B40666BC-4430-4D98-A635-6B97DD89F21F}.Release|x86.ActiveCfg = Release|x86
		{B40666BC-4430-4D98-A635-6B97DD89F21F}.Release|x86.Build.0 = Release|x86
	EndGlobalSection
	GlobalSection(SolutionProperties) = preSolution
		HideSolutionNode = FALSE
	EndGlobalSection
	GlobalSection(ExtensibilityGlobals) = postSolution
		SolutionGuid = {B498B0F6-AF27-475C-85A6-522C75EAFA61}
	EndGlobalSection
EndGlobal
